# THIS IS AN AUTOGENERATED FILE. DO NOT EDIT THIS FILE DIRECTLY.
# yarn lockfile v1


"@types/estree@0.0.39":
  version "0.0.39"
  resolved "https://registry.npm.taobao.org/@types/estree/download/@types/estree-0.0.39.tgz#e177e699ee1b8c22d23174caaa7422644389509f"
  integrity sha1-4Xfmme4bjCLSMXTKqnQiZEOJUJ8=

"@types/node@^12.7.4":
  version "12.7.4"
  resolved "https://registry.npm.taobao.org/@types/node/download/@types/node-12.7.4.tgz#64db61e0359eb5a8d99b55e05c729f130a678b04"
  integrity sha1-ZNth4DWetajZm1XgXHKfEwpniwQ=

acorn@^7.0.0:
  version "7.1.1"
  resolved "https://registry.yarnpkg.com/acorn/-/acorn-7.1.1.tgz#e35668de0b402f359de515c5482a1ab9f89a69bf"
  integrity sha512-add7dgA5ppRPxCFJoAGfMDi7PIBXq1RtGo7BhbLaxwrXPOmw8gq48Y9ozT01hUKy9byMjlR20EJhu5zlkErEkg==

commondir@^1.0.1:
  version "1.0.1"
  resolved "https://registry.npm.taobao.org/commondir/download/commondir-1.0.1.tgz#ddd800da0c66127393cca5950ea968a3aaf1253b"
  integrity sha1-3dgA2gxmEnOTzKWVDqloo6rxJTs=

estree-walker@^0.6.1:
  version "0.6.1"
  resolved "https://registry.npm.taobao.org/estree-walker/download/estree-walker-0.6.1.tgz#53049143f40c6eb918b23671d1fe3219f3a1b362"
  integrity sha1-UwSRQ/QMbrkYsjZx0f4yGfOhs2I=

find-cache-dir@^3.0.0:
  version "3.0.0"
  resolved "https://registry.npm.taobao.org/find-cache-dir/download/find-cache-dir-3.0.0.tgz#cd4b7dd97b7185b7e17dbfe2d6e4115ee3eeb8fc"
  integrity sha1-zUt92Xtxhbfhfb/i1uQRXuPuuPw=
  dependencies:
    commondir "^1.0.1"
    make-dir "^3.0.0"
    pkg-dir "^4.1.0"

find-up@^4.0.0:
  version "4.1.0"
  resolved "https://registry.npm.taobao.org/find-up/download/find-up-4.1.0.tgz#97afe7d6cdc0bc5928584b7c8d7b16e8a9aa5d19"
  integrity sha1-l6/n1s3AvFkoWEt8jXsW6KmqXRk=
  dependencies:
    locate-path "^5.0.0"
    path-exists "^4.0.0"

fs-extra@8.1.0:
  version "8.1.0"
  resolved "https://registry.npm.taobao.org/fs-extra/download/fs-extra-8.1.0.tgz?cache=0&other_urls=https%3A%2F%2Fregistry.npm.taobao.org%2Ffs-extra%2Fdownload%2Ffs-extra-8.1.0.tgz#49d43c45a88cd9677668cb7be1b46efdb8d2e1c0"
  integrity sha1-SdQ8RaiM2Wd2aMt74bRu/bjS4cA=
  dependencies:
    graceful-fs "^4.2.0"
    jsonfile "^4.0.0"
    universalify "^0.1.0"

gbk.js@^0.3.0:
  version "0.3.0"
  resolved "https://registry.npm.taobao.org/gbk.js/download/gbk.js-0.3.0.tgz#1b62a0a3f137081c213905bfaee1b6abdac861bd"
  integrity sha1-G2Kgo/E3CBwhOQW/ruG2q9rIYb0=

graceful-fs@^4.1.6, graceful-fs@^4.2.0:
  version "4.2.2"
  resolved "https://registry.npm.taobao.org/graceful-fs/download/graceful-fs-4.2.2.tgz#6f0952605d0140c1cfdb138ed005775b92d67b02"
  integrity sha1-bwlSYF0BQMHP2xOO0AV3W5LWewI=

jsonfile@^4.0.0:
  version "4.0.0"
  resolved "https://registry.npm.taobao.org/jsonfile/download/jsonfile-4.0.0.tgz#8771aae0799b64076b76640fca058f9c10e33ecb"
  integrity sha1-h3Gq4HmbZAdrdmQPygWPnBDjPss=
  optionalDependencies:
    graceful-fs "^4.1.6"

locate-path@^5.0.0:
  version "5.0.0"
  resolved "https://registry.npm.taobao.org/locate-path/download/locate-path-5.0.0.tgz#1afba396afd676a6d42504d0a67a3a7eb9f62aa0"
  integrity sha1-Gvujlq/WdqbUJQTQpno6frn2KqA=
  dependencies:
    p-locate "^4.1.0"

make-dir@^3.0.0:
  version "3.0.0"
  resolved "https://registry.npm.taobao.org/make-dir/download/make-dir-3.0.0.tgz#1b5f39f6b9270ed33f9f054c5c0f84304989f801"
  integrity sha1-G1859rknDtM/nwVMXA+EMEmJ+AE=
  dependencies:
    semver "^6.0.0"

p-limit@^2.2.0:
  version "2.2.1"
  resolved "https://registry.npm.taobao.org/p-limit/download/p-limit-2.2.1.tgz?cache=0&sync_timestamp=1566155362458&other_urls=https%3A%2F%2Fregistry.npm.taobao.org%2Fp-limit%2Fdownload%2Fp-limit-2.2.1.tgz#aa07a788cc3151c939b5131f63570f0dd2009537"
  integrity sha1-qgeniMwxUck5tRMfY1cPDdIAlTc=
  dependencies:
    p-try "^2.0.0"

p-locate@^4.1.0:
  version "4.1.0"
  resolved "https://registry.npm.taobao.org/p-locate/download/p-locate-4.1.0.tgz#a3428bb7088b3a60292f66919278b7c297ad4f07"
  integrity sha1-o0KLtwiLOmApL2aRkni3wpetTwc=
  dependencies:
    p-limit "^2.2.0"

p-try@^2.0.0:
  version "2.2.0"
  resolved "https://registry.npm.taobao.org/p-try/download/p-try-2.2.0.tgz#cb2868540e313d61de58fafbe35ce9004d5540e6"
  integrity sha1-yyhoVA4xPWHeWPr741zpAE1VQOY=

path-exists@^4.0.0:
  version "4.0.0"
  resolved "https://registry.npm.taobao.org/path-exists/download/path-exists-4.0.0.tgz#513bdbe2d3b95d7762e8c1137efa195c6c61b5b3"
  integrity sha1-UTvb4tO5XXdi6METfvoZXGxhtbM=

path-parse@^1.0.6:
  version "1.0.6"
  resolved "https://registry.npm.taobao.org/path-parse/download/path-parse-1.0.6.tgz#d62dbb5679405d72c4737ec58600e9ddcf06d24c"
  integrity sha1-1i27VnlAXXLEc37FhgDp3c8G0kw=

pkg-dir@^4.1.0:
  version "4.2.0"
  resolved "https://registry.npm.taobao.org/pkg-dir/download/pkg-dir-4.2.0.tgz#f099133df7ede422e81d1d8448270eeb3e4261f3"
  integrity sha1-8JkTPfft5CLoHR2ESCcO6z5CYfM=
  dependencies:
    find-up "^4.0.0"

qqwry-lite-data@^2019.7.20:
  version "2019.7.20"
  resolved "https://registry.npm.taobao.org/qqwry-lite-data/download/qqwry-lite-data-2019.7.20.tgz#5a6027b7efbe7d70162dc3f0d4715463597580a3"
  integrity sha1-WmAnt+++fXAWLcPw1HFUY1l1gKM=

resolve@1.12.0:
  version "1.12.0"
  resolved "https://registry.npm.taobao.org/resolve/download/resolve-1.12.0.tgz?cache=0&sync_timestamp=1564641434608&other_urls=https%3A%2F%2Fregistry.npm.taobao.org%2Fresolve%2Fdownload%2Fresolve-1.12.0.tgz#3fc644a35c84a48554609ff26ec52b66fa577df6"
  integrity sha1-P8ZEo1yEpIVUYJ/ybsUrZvpXffY=
  dependencies:
    path-parse "^1.0.6"

rollup-plugin-typescript2@^0.24.0:
  version "0.24.0"
  resolved "https://registry.npm.taobao.org/rollup-plugin-typescript2/download/rollup-plugin-typescript2-0.24.0.tgz#27ce5459d03e095236bdbcda3ca68fe289718d07"
  integrity sha1-J85UWdA+CVI2vbzaPKaP4olxjQc=
  dependencies:
    find-cache-dir "^3.0.0"
    fs-extra "8.1.0"
    resolve "1.12.0"
    rollup-pluginutils "2.8.1"
    tslib "1.10.0"

rollup-pluginutils@2.8.1:
  version "2.8.1"
  resolved "https://registry.npm.taobao.org/rollup-pluginutils/download/rollup-pluginutils-2.8.1.tgz#8fa6dd0697344938ef26c2c09d2488ce9e33ce97"
  integrity sha1-j6bdBpc0STjvJsLAnSSIzp4zzpc=
  dependencies:
    estree-walker "^0.6.1"

rollup@^1.21.0:
  version "1.21.0"
  resolved "https://registry.npm.taobao.org/rollup/download/rollup-1.21.0.tgz#b5395271dcd91656dc8844b5403ecfb34106fd77"
  integrity sha1-tTlScdzZFlbciES1QD7Ps0EG/Xc=
  dependencies:
    "@types/estree" "0.0.39"
    "@types/node" "^12.7.4"
    acorn "^7.0.0"

semver@^6.0.0:
  version "6.3.0"
  resolved "https://registry.npm.taobao.org/semver/download/semver-6.3.0.tgz#ee0a64c8af5e8ceea67687b133761e1becbd1d3d"
  integrity sha1-7gpkyK9ejO6mdoexM3YeG+y9HT0=

tslib@1.10.0:
  version "1.10.0"
  resolved "https://registry.npm.taobao.org/tslib/download/tslib-1.10.0.tgz#c3c19f95973fb0a62973fb09d90d961ee43e5c8a"
  integrity sha1-w8GflZc/sKYpc/sJ2Q2WHuQ+XIo=

typescript@^3.6.2:
  version "3.6.2"
  resolved "https://registry.npm.taobao.org/typescript/download/typescript-3.6.2.tgz#105b0f1934119dde543ac8eb71af3a91009efe54"
  integrity sha1-EFsPGTQRnd5UOsjrca86kQCe/lQ=

universalify@^0.1.0:
  version "0.1.2"
  resolved "https://registry.npm.taobao.org/universalify/download/universalify-0.1.2.tgz#b646f69be3942dabcecc9d6639c80dc105efaa66"
  integrity sha1-tkb2m+OULavOzJ1mOcgNwQXvqmY=
